
Microsoft Visual Studio Solution File, Format Version 12.00
# Visual Studio Version 17
VisualStudioVersion = 17.3.32708.82
MinimumVisualStudioVersion = 10.0.40219.1
Project("{FAE04EC0-301F-11D3-BF4B-00C04F79EFBC}") = "WebClient", "WebClient\WebClient.csproj", "{171ACF2E-DCCF-4AC7-B4F6-851109ABD993}"
EndProject
Project("{FAE04EC0-301F-11D3-BF4B-00C04F79EFBC}") = "WebClientRuntime", "WebClientRuntime\WebClientRuntime.csproj", "{49B14813-43B7-43D1-9E8C-A4B54A673DB2}"
EndProject
Global
	GlobalSection(SolutionConfigurationPlatforms) = preSolution
		Debug|Any CPU = Debug|Any CPU
		Release|Any CPU = Release|Any CPU
	EndGlobalSection
	GlobalSection(ProjectConfigurationPlatforms) = postSolution
		{171ACF2E-DCCF-4AC7-B4F6-851109ABD993}.Debug|Any CPU.ActiveCfg = Debug|Any CPU
		{171ACF2E-DCCF-4AC7-B4F6-851109ABD993}.Debug|Any CPU.Build.0 = Debug|Any CPU
		{171ACF2E-DCCF-4AC7-B4F6-851109ABD993}.Release|Any CPU.ActiveCfg = Release|Any CPU
		{171ACF2E-DCCF-4AC7-B4F6-851109ABD993}.Release|Any CPU.Build.0 = Release|Any CPU
		{49B14813-43B7-43D1-9E8C-A4B54A673DB2}.Debug|Any CPU.ActiveCfg = Debug|Any CPU
		{49B14813-43B7-43D1-9E8C-A4B54A673DB2}.Debug|Any CPU.Build.0 = Debug|Any CPU
		{49B14813-43B7-43D1-9E8C-A4B54A673DB2}.Release|Any CPU.ActiveCfg = Release|Any CPU
		{49B14813-43B7-43D1-9E8C-A4B54A673DB2}.Release|Any CPU.Build.0 = Release|Any CPU
	EndGlobalSection
	GlobalSection(SolutionProperties) = preSolution
		HideSolutionNode = FALSE
	EndGlobalSection
	GlobalSection(ExtensibilityGlobals) = postSolution
		SolutionGuid = {1D869DC8-CEEB-44A7-96A1-F3222073E75B}
	EndGlobalSection
EndGlobal
